
Microsoft Visual Studio Solution File, Format Version 12.00
# Visual Studio Version 17
VisualStudioVersion = 17.1.32319.34
MinimumVisualStudioVersion = 10.0.40219.1
Project("{FAE04EC0-301F-11D3-BF4B-00C04F79EFBC}") = "APIRest", "APIRest\APIRest.csproj", "{4B4A2696-C2C1-4269-822B-6BE48CEF0DBF}"
EndProject
Global
	GlobalSection(SolutionConfigurationPlatforms) = preSolution
		Debug|Any CPU = Debug|Any CPU
		Release|Any CPU = Release|Any CPU
	EndGlobalSection
	GlobalSection(ProjectConfigurationPlatforms) = postSolution
		{4B4A2696-C2C1-4269-822B-6BE48CEF0DBF}.Debug|Any CPU.ActiveCfg = Debug|Any CPU
		{4B4A2696-C2C1-4269-822B-6BE48CEF0DBF}.Debug|Any CPU.Build.0 = Debug|Any CPU
		{4B4A2696-C2C1-4269-822B-6BE48CEF0DBF}.Release|Any CPU.ActiveCfg = Release|Any CPU
		{4B4A2696-C2C1-4269-822B-6BE48CEF0DBF}.Release|Any CPU.Build.0 = Release|Any CPU
	EndGlobalSection
	GlobalSection(SolutionProperties) = preSolution
		HideSolutionNode = FALSE
	EndGlobalSection
	GlobalSection(ExtensibilityGlobals) = postSolution
		SolutionGuid = {1E386D3E-FAEC-4FEC-B62A-8C0BD9417A38}
	EndGlobalSection
EndGlobal
